
Microsoft Visual Studio Solution File, Format Version 12.00
# Visual Studio Version 17
VisualStudioVersion = 17.5.2.0
MinimumVisualStudioVersion = 10.0.40219.1
Project("{FAE04EC0-301F-11D3-BF4B-00C04F79EFBC}") = "BubbleSorter", "BubbleSorter\BubbleSorter.csproj", "{FE606FFE-8F3D-8A75-7FEC-6ACCF8C5BEF3}"
EndProject
Project("{FAE04EC0-301F-11D3-BF4B-00C04F79EFBC}") = "Vector", "Vector\Vector.csproj", "{20E06E42-1A25-4040-B165-EB18019A5BCC}"
EndProject
Project("{FAE04EC0-301F-11D3-BF4B-00C04F79EFBC}") = "PrizeGame", "PrizeGame\PrizeGame.csproj", "{D1CA0DC2-0168-4C5A-9AB5-EE358BABD394}"
EndProject
Project("{FAE04EC0-301F-11D3-BF4B-00C04F79EFBC}") = "Labs", "Labs\Labs.csproj", "{C950634A-5FFD-7A05-1A46-3E374D818A14}"
EndProject
Project("{FAE04EC0-301F-11D3-BF4B-00C04F79EFBC}") = "StringSorter", "StringSorter\StringSorter.csproj", "{5DD51D54-F4AF-4CCD-8AC5-6537E45B40D3}"
EndProject
Project("{FAE04EC0-301F-11D3-BF4B-00C04F79EFBC}") = "FruitTree", "FruitTree\FruitTree.csproj", "{E0C50F4A-E3BF-4A70-B68E-C461572371BA}"
EndProject
Project("{FAE04EC0-301F-11D3-BF4B-00C04F79EFBC}") = "VideoGameDatabase", "VideoGameDatabase\VideoGameDatabase.csproj", "{C7657361-70ED-4D1A-94EA-6C2A1B17A549}"
EndProject
Project("{FAE04EC0-301F-11D3-BF4B-00C04F79EFBC}") = "TaskOrganizer", "TaskOrganizer\TaskOrganizer.csproj", "{B9CAA6D0-00FB-4187-9C58-33E285E66153}"
EndProject
Project("{FAE04EC0-301F-11D3-BF4B-00C04F79EFBC}") = "RobotSimulator", "RobotSimulator\RobotSimulator.csproj", "{036027CC-8B7D-4425-88AB-A4B7D3CA4289}"
EndProject
Project("{FAE04EC0-301F-11D3-BF4B-00C04F79EFBC}") = "Fractal", "Fractal\Fractal.csproj", "{635BC33D-E79E-471B-936F-6F40F7794ED5}"
EndProject
Project("{FAE04EC0-301F-11D3-BF4B-00C04F79EFBC}") = "SheepScheduler", "SheepScheduler\SheepScheduler.csproj", "{9872AA4D-4069-4CA6-A419-8281A420AA53}"
EndProject
Global
	GlobalSection(SolutionConfigurationPlatforms) = preSolution
		Debug|Any CPU = Debug|Any CPU
		Debug|x64 = Debug|x64
		Debug|x86 = Debug|x86
		Release|Any CPU = Release|Any CPU
		Release|x64 = Release|x64
		Release|x86 = Release|x86
	EndGlobalSection
	GlobalSection(ProjectConfigurationPlatforms) = postSolution
		{FE606FFE-8F3D-8A75-7FEC-6ACCF8C5BEF3}.Debug|Any CPU.ActiveCfg = Debug|Any CPU
		{FE606FFE-8F3D-8A75-7FEC-6ACCF8C5BEF3}.Debug|Any CPU.Build.0 = Debug|Any CPU
		{FE606FFE-8F3D-8A75-7FEC-6ACCF8C5BEF3}.Debug|x64.ActiveCfg = Debug|Any CPU
		{FE606FFE-8F3D-8A75-7FEC-6ACCF8C5BEF3}.Debug|x64.Build.0 = Debug|Any CPU
		{FE606FFE-8F3D-8A75-7FEC-6ACCF8C5BEF3}.Debug|x86.ActiveCfg = Debug|Any CPU
		{FE606FFE-8F3D-8A75-7FEC-6ACCF8C5BEF3}.Debug|x86.Build.0 = Debug|Any CPU
		{FE606FFE-8F3D-8A75-7FEC-6ACCF8C5BEF3}.Release|Any CPU.ActiveCfg = Release|Any CPU
		{FE606FFE-8F3D-8A75-7FEC-6ACCF8C5BEF3}.Release|Any CPU.Build.0 = Release|Any CPU
		{FE606FFE-8F3D-8A75-7FEC-6ACCF8C5BEF3}.Release|x64.ActiveCfg = Release|Any CPU
		{FE606FFE-8F3D-8A75-7FEC-6ACCF8C5BEF3}.Release|x64.Build.0 = Release|Any CPU
		{FE606FFE-8F3D-8A75-7FEC-6ACCF8C5BEF3}.Release|x86.ActiveCfg = Release|Any CPU
		{FE606FFE-8F3D-8A75-7FEC-6ACCF8C5BEF3}.Release|x86.Build.0 = Release|Any CPU
		{20E06E42-1A25-4040-B165-EB18019A5BCC}.Debug|Any CPU.ActiveCfg = Debug|Any CPU
		{20E06E42-1A25-4040-B165-EB18019A5BCC}.Debug|Any CPU.Build.0 = Debug|Any CPU
		{20E06E42-1A25-4040-B165-EB18019A5BCC}.Debug|x64.ActiveCfg = Debug|Any CPU
		{20E06E42-1A25-4040-B165-EB18019A5BCC}.Debug|x64.Build.0 = Debug|Any CPU
		{20E06E42-1A25-4040-B165-EB18019A5BCC}.Debug|x86.ActiveCfg = Debug|Any CPU
		{20E06E42-1A25-4040-B165-EB18019A5BCC}.Debug|x86.Build.0 = Debug|Any CPU
		{20E06E42-1A25-4040-B165-EB18019A5BCC}.Release|Any CPU.ActiveCfg = Release|Any CPU
		{20E06E42-1A25-4040-B165-EB18019A5BCC}.Release|Any CPU.Build.0 = Release|Any CPU
		{20E06E42-1A25-4040-B165-EB18019A5BCC}.Release|x64.ActiveCfg = Release|Any CPU
		{20E06E42-1A25-4040-B165-EB18019A5BCC}.Release|x64.Build.0 = Release|Any CPU
		{20E06E42-1A25-4040-B165-EB18019A5BCC}.Release|x86.ActiveCfg = Release|Any CPU
		{20E06E42-1A25-4040-B165-EB18019A5BCC}.Release|x86.Build.0 = Release|Any CPU
		{D1CA0DC2-0168-4C5A-9AB5-EE358BABD394}.Debug|Any CPU.ActiveCfg = Debug|Any CPU
		{D1CA0DC2-0168-4C5A-9AB5-EE358BABD394}.Debug|Any CPU.Build.0 = Debug|Any CPU
		{D1CA0DC2-0168-4C5A-9AB5-EE358BABD394}.Debug|x64.ActiveCfg = Debug|Any CPU
		{D1CA0DC2-0168-4C5A-9AB5-EE358BABD394}.Debug|x64.Build.0 = Debug|Any CPU
		{D1CA0DC2-0168-4C5A-9AB5-EE358BABD394}.Debug|x86.ActiveCfg = Debug|Any CPU
		{D1CA0DC2-0168-4C5A-9AB5-EE358BABD394}.Debug|x86.Build.0 = Debug|Any CPU
		{D1CA0DC2-0168-4C5A-9AB5-EE358BABD394}.Release|Any CPU.ActiveCfg = Release|Any CPU
		{D1CA0DC2-0168-4C5A-9AB5-EE358BABD394}.Release|Any CPU.Build.0 = Release|Any CPU
		{D1CA0DC2-0168-4C5A-9AB5-EE358BABD394}.Release|x64.ActiveCfg = Release|Any CPU
		{D1CA0DC2-0168-4C5A-9AB5-EE358BABD394}.Release|x64.Build.0 = Release|Any CPU
		{D1CA0DC2-0168-4C5A-9AB5-EE358BABD394}.Release|x86.ActiveCfg = Release|Any CPU
		{D1CA0DC2-0168-4C5A-9AB5-EE358BABD394}.Release|x86.Build.0 = Release|Any CPU
		{C950634A-5FFD-7A05-1A46-3E374D818A14}.Debug|Any CPU.ActiveCfg = Debug|Any CPU
		{C950634A-5FFD-7A05-1A46-3E374D818A14}.Debug|Any CPU.Build.0 = Debug|Any CPU
		{C950634A-5FFD-7A05-1A46-3E374D818A14}.Debug|x64.ActiveCfg = Debug|Any CPU
		{C950634A-5FFD-7A05-1A46-3E374D818A14}.Debug|x64.Build.0 = Debug|Any CPU
		{C950634A-5FFD-7A05-1A46-3E374D818A14}.Debug|x86.ActiveCfg = Debug|Any CPU
		{C950634A-5FFD-7A05-1A46-3E374D818A14}.Debug|x86.Build.0 = Debug|Any CPU
		{C950634A-5FFD-7A05-1A46-3E374D818A14}.Release|Any CPU.ActiveCfg = Release|Any CPU
		{C950634A-5FFD-7A05-1A46-3E374D818A14}.Release|Any CPU.Build.0 = Release|Any CPU
		{C950634A-5FFD-7A05-1A46-3E374D818A14}.Release|x64.ActiveCfg = Release|Any CPU
		{C950634A-5FFD-7A05-1A46-3E374D818A14}.Release|x64.Build.0 = Release|Any CPU
		{C950634A-5FFD-7A05-1A46-3E374D818A14}.Release|x86.ActiveCfg = Release|Any CPU
		{C950634A-5FFD-7A05-1A46-3E374D818A14}.Release|x86.Build.0 = Release|Any CPU
		{5DD51D54-F4AF-4CCD-8AC5-6537E45B40D3}.Debug|Any CPU.ActiveCfg = Debug|Any CPU
		{5DD51D54-F4AF-4CCD-8AC5-6537E45B40D3}.Debug|Any CPU.Build.0 = Debug|Any CPU
		{5DD51D54-F4AF-4CCD-8AC5-6537E45B40D3}.Debug|x64.ActiveCfg = Debug|Any CPU
		{5DD51D54-F4AF-4CCD-8AC5-6537E45B40D3}.Debug|x64.Build.0 = Debug|Any CPU
		{5DD51D54-F4AF-4CCD-8AC5-6537E45B40D3}.Debug|x86.ActiveCfg = Debug|Any CPU
		{5DD51D54-F4AF-4CCD-8AC5-6537E45B40D3}.Debug|x86.Build.0 = Debug|Any CPU
		{5DD51D54-F4AF-4CCD-8AC5-6537E45B40D3}.Release|Any CPU.ActiveCfg = Release|Any CPU
		{5DD51D54-F4AF-4CCD-8AC5-6537E45B40D3}.Release|Any CPU.Build.0 = Release|Any CPU
		{5DD51D54-F4AF-4CCD-8AC5-6537E45B40D3}.Release|x64.ActiveCfg = Release|Any CPU
		{5DD51D54-F4AF-4CCD-8AC5-6537E45B40D3}.Release|x64.Build.0 = Release|Any CPU
		{5DD51D54-F4AF-4CCD-8AC5-6537E45B40D3}.Release|x86.ActiveCfg = Release|Any CPU
		{5DD51D54-F4AF-4CCD-8AC5-6537E45B40D3}.Release|x86.Build.0 = Release|Any CPU
		{E0C50F4A-E3BF-4A70-B68E-C461572371BA}.Debug|Any CPU.ActiveCfg = Debug|Any CPU
		{E0C50F4A-E3BF-4A70-B68E-C461572371BA}.Debug|Any CPU.Build.0 = Debug|Any CPU
		{E0C50F4A-E3BF-4A70-B68E-C461572371BA}.Debug|x64.ActiveCfg = Debug|Any CPU
		{E0C50F4A-E3BF-4A70-B68E-C461572371BA}.Debug|x64.Build.0 = Debug|Any CPU
		{E0C50F4A-E3BF-4A70-B68E-C461572371BA}.Debug|x86.ActiveCfg = Debug|Any CPU
		{E0C50F4A-E3BF-4A70-B68E-C461572371BA}.Debug|x86.Build.0 = Debug|Any CPU
		{E0C50F4A-E3BF-4A70-B68E-C461572371BA}.Release|Any CPU.ActiveCfg = Release|Any CPU
		{E0C50F4A-E3BF-4A70-B68E-C461572371BA}.Release|Any CPU.Build.0 = Release|Any CPU
		{E0C50F4A-E3BF-4A70-B68E-C461572371BA}.Release|x64.ActiveCfg = Release|Any CPU
		{E0C50F4A-E3BF-4A70-B68E-C461572371BA}.Release|x64.Build.0 = Release|Any CPU
		{E0C50F4A-E3BF-4A70-B68E-C461572371BA}.Release|x86.ActiveCfg = Release|Any CPU
		{E0C50F4A-E3BF-4A70-B68E-C461572371BA}.Release|x86.Build.0 = Release|Any CPU
		{C7657361-70ED-4D1A-94EA-6C2A1B17A549}.Debug|Any CPU.ActiveCfg = Debug|Any CPU
		{C7657361-70ED-4D1A-94EA-6C2A1B17A549}.Debug|Any CPU.Build.0 = Debug|Any CPU
		{C7657361-70ED-4D1A-94EA-6C2A1B17A549}.Debug|x64.ActiveCfg = Debug|Any CPU
		{C7657361-70ED-4D1A-94EA-6C2A1B17A549}.Debug|x64.Build.0 = Debug|Any CPU
		{C7657361-70ED-4D1A-94EA-6C2A1B17A549}.Debug|x86.ActiveCfg = Debug|Any CPU
		{C7657361-70ED-4D1A-94EA-6C2A1B17A549}.Debug|x86.Build.0 = Debug|Any CPU
		{C7657361-70ED-4D1A-94EA-6C2A1B17A549}.Release|Any CPU.ActiveCfg = Release|Any CPU
		{C7657361-70ED-4D1A-94EA-6C2A1B17A549}.Release|Any CPU.Build.0 = Release|Any CPU
		{C7657361-70ED-4D1A-94EA-6C2A1B17A549}.Release|x64.ActiveCfg = Release|Any CPU
		{C7657361-70ED-4D1A-94EA-6C2A1B17A549}.Release|x64.Build.0 = Release|Any CPU
		{C7657361-70ED-4D1A-94EA-6C2A1B17A549}.Release|x86.ActiveCfg = Release|Any CPU
		{C7657361-70ED-4D1A-94EA-6C2A1B17A549}.Release|x86.Build.0 = Release|Any CPU
		{B9CAA6D0-00FB-4187-9C58-33E285E66153}.Debug|Any CPU.ActiveCfg = Debug|Any CPU
		{B9CAA6D0-00FB-4187-9C58-33E285E66153}.Debug|Any CPU.Build.0 = Debug|Any CPU
		{B9CAA6D0-00FB-4187-9C58-33E285E66153}.Debug|x64.ActiveCfg = Debug|Any CPU
		{B9CAA6D0-00FB-4187-9C58-33E285E66153}.Debug|x64.Build.0 = Debug|Any CPU
		{B9CAA6D0-00FB-4187-9C58-33E285E66153}.Debug|x86.ActiveCfg = Debug|Any CPU
		{B9CAA6D0-00FB-4187-9C58-33E285E66153}.Debug|x86.Build.0 = Debug|Any CPU
		{B9CAA6D0-00FB-4187-9C58-33E285E66153}.Release|Any CPU.ActiveCfg = Release|Any CPU
		{B9CAA6D0-00FB-4187-9C58-33E285E66153}.Release|Any CPU.Build.0 = Release|Any CPU
		{B9CAA6D0-00FB-4187-9C58-33E285E66153}.Release|x64.ActiveCfg = Release|Any CPU
		{B9CAA6D0-00FB-4187-9C58-33E285E66153}.Release|x64.Build.0 = Release|Any CPU
		{B9CAA6D0-00FB-4187-9C58-33E285E66153}.Release|x86.ActiveCfg = Release|Any CPU
		{B9CAA6D0-00FB-4187-9C58-33E285E66153}.Release|x86.Build.0 = Release|Any CPU
		{036027CC-8B7D-4425-88AB-A4B7D3CA4289}.Debug|Any CPU.ActiveCfg = Debug|Any CPU
		{036027CC-8B7D-4425-88AB-A4B7D3CA4289}.Debug|Any CPU.Build.0 = Debug|Any CPU
		{036027CC-8B7D-4425-88AB-A4B7D3CA4289}.Debug|x64.ActiveCfg = Debug|Any CPU
		{036027CC-8B7D-4425-88AB-A4B7D3CA4289}.Debug|x64.Build.0 = Debug|Any CPU
		{036027CC-8B7D-4425-88AB-A4B7D3CA4289}.Debug|x86.ActiveCfg = Debug|Any CPU
		{036027CC-8B7D-4425-88AB-A4B7D3CA4289}.Debug|x86.Build.0 = Debug|Any CPU
		{036027CC-8B7D-4425-88AB-A4B7D3CA4289}.Release|Any CPU.ActiveCfg = Release|Any CPU
		{036027CC-8B7D-4425-88AB-A4B7D3CA4289}.Release|Any CPU.Build.0 = Release|Any CPU
		{036027CC-8B7D-4425-88AB-A4B7D3CA4289}.Release|x64.ActiveCfg = Release|Any CPU
		{036027CC-8B7D-4425-88AB-A4B7D3CA4289}.Release|x64.Build.0 = Release|Any CPU
		{036027CC-8B7D-4425-88AB-A4B7D3CA4289}.Release|x86.ActiveCfg = Release|Any CPU
		{036027CC-8B7D-4425-88AB-A4B7D3CA4289}.Release|x86.Build.0 = Release|Any CPU
		{635BC33D-E79E-471B-936F-6F40F7794ED5}.Debug|Any CPU.ActiveCfg = Debug|Any CPU
		{635BC33D-E79E-471B-936F-6F40F7794ED5}.Debug|Any CPU.Build.0 = Debug|Any CPU
		{635BC33D-E79E-471B-936F-6F40F7794ED5}.Debug|x64.ActiveCfg = Debug|Any CPU
		{635BC33D-E79E-471B-936F-6F40F7794ED5}.Debug|x64.Build.0 = Debug|Any CPU
		{635BC33D-E79E-471B-936F-6F40F7794ED5}.Debug|x86.ActiveCfg = Debug|Any CPU
		{635BC33D-E79E-471B-936F-6F40F7794ED5}.Debug|x86.Build.0 = Debug|Any CPU
		{635BC33D-E79E-471B-936F-6F40F7794ED5}.Release|Any CPU.ActiveCfg = Release|Any CPU
		{635BC33D-E79E-471B-936F-6F40F7794ED5}.Release|Any CPU.Build.0 = Release|Any CPU
		{635BC33D-E79E-471B-936F-6F40F7794ED5}.Release|x64.ActiveCfg = Release|Any CPU
		{635BC33D-E79E-471B-936F-6F40F7794ED5}.Release|x64.Build.0 = Release|Any CPU
		{635BC33D-E79E-471B-936F-6F40F7794ED5}.Release|x86.ActiveCfg = Release|Any CPU
		{635BC33D-E79E-471B-936F-6F40F7794ED5}.Release|x86.Build.0 = Release|Any CPU
		{9872AA4D-4069-4CA6-A419-8281A420AA53}.Debug|Any CPU.ActiveCfg = Debug|Any CPU
		{9872AA4D-4069-4CA6-A419-8281A420AA53}.Debug|Any CPU.Build.0 = Debug|Any CPU
		{9872AA4D-4069-4CA6-A419-8281A420AA53}.Debug|x64.ActiveCfg = Debug|Any CPU
		{9872AA4D-4069-4CA6-A419-8281A420AA53}.Debug|x64.Build.0 = Debug|Any CPU
		{9872AA4D-4069-4CA6-A419-8281A420AA53}.Debug|x86.ActiveCfg = Debug|Any CPU
		{9872AA4D-4069-4CA6-A419-8281A420AA53}.Debug|x86.Build.0 = Debug|Any CPU
		{9872AA4D-4069-4CA6-A419-8281A420AA53}.Release|Any CPU.ActiveCfg = Release|Any CPU
		{9872AA4D-4069-4CA6-A419-8281A420AA53}.Release|Any CPU.Build.0 = Release|Any CPU
		{9872AA4D-4069-4CA6-A419-8281A420AA53}.Release|x64.ActiveCfg = Release|Any CPU
		{9872AA4D-4069-4CA6-A419-8281A420AA53}.Release|x64.Build.0 = Release|Any CPU
		{9872AA4D-4069-4CA6-A419-8281A420AA53}.Release|x86.ActiveCfg = Release|Any CPU
		{9872AA4D-4069-4CA6-A419-8281A420AA53}.Release|x86.Build.0 = Release|Any CPU
	EndGlobalSection
	GlobalSection(SolutionProperties) = preSolution
		HideSolutionNode = FALSE
	EndGlobalSection
	GlobalSection(ExtensibilityGlobals) = postSolution
		SolutionGuid = {D10BB4F4-5F6F-4526-A40E-BFF25AE9D5BA}
	EndGlobalSection
EndGlobal
